
Microsoft Visual Studio Solution File, Format Version 12.00
# Visual Studio 2013
VisualStudioVersion = 12.0.30723.0
MinimumVisualStudioVersion = 10.0.40219.1
Project("{FAE04EC0-301F-11D3-BF4B-00C04F79EFBC}") = "NancyExample", "NancyExample\NancyExample.csproj", "{ED638DD5-E755-4B7A-940D-5C94AB425686}"
EndProject
Project("{FAE04EC0-301F-11D3-BF4B-00C04F79EFBC}") = "WebApiApplication", "WebApiApplication\WebApiApplication.csproj", "{445200E0-4C50-4D4F-9F47-FB29E2B62204}"
EndProject
Project("{FAE04EC0-301F-11D3-BF4B-00C04F79EFBC}") = "Tests", "Tests\Tests.csproj", "{58BDFBB0-ADFE-4DBF-9287-F5417983A1FA}"
EndProject
Project("{FAE04EC0-301F-11D3-BF4B-00C04F79EFBC}") = "ViewModels", "ViewModels\ViewModels.csproj", "{960AB2D4-400D-4121-A611-C28482D3258A}"
EndProject
Project("{FAE04EC0-301F-11D3-BF4B-00C04F79EFBC}") = "SevenDigital.Serialization.Wrapped.WebApi", "SevenDigital.Serialization.Wrapped.WebApi\SevenDigital.Serialization.Wrapped.WebApi.csproj", "{F28E7A75-9DE1-4EC3-89F7-943FE7485B7C}"
EndProject
Project("{FAE04EC0-301F-11D3-BF4B-00C04F79EFBC}") = "SevenDigital.Serialization.Unwrapped.Nancy", "SevenDigital.Serialization.Unwrapped.Nancy\SevenDigital.Serialization.Unwrapped.Nancy.csproj", "{E3B182AE-904A-4B1A-8B41-7D9C7F02FB53}"
EndProject
Global
	GlobalSection(SolutionConfigurationPlatforms) = preSolution
		Debug|Any CPU = Debug|Any CPU
		Release|Any CPU = Release|Any CPU
	EndGlobalSection
	GlobalSection(ProjectConfigurationPlatforms) = postSolution
		{ED638DD5-E755-4B7A-940D-5C94AB425686}.Debug|Any CPU.ActiveCfg = Debug|Any CPU
		{ED638DD5-E755-4B7A-940D-5C94AB425686}.Debug|Any CPU.Build.0 = Debug|Any CPU
		{ED638DD5-E755-4B7A-940D-5C94AB425686}.Release|Any CPU.ActiveCfg = Release|Any CPU
		{ED638DD5-E755-4B7A-940D-5C94AB425686}.Release|Any CPU.Build.0 = Release|Any CPU
		{445200E0-4C50-4D4F-9F47-FB29E2B62204}.Debug|Any CPU.ActiveCfg = Debug|Any CPU
		{445200E0-4C50-4D4F-9F47-FB29E2B62204}.Debug|Any CPU.Build.0 = Debug|Any CPU
		{445200E0-4C50-4D4F-9F47-FB29E2B62204}.Release|Any CPU.ActiveCfg = Release|Any CPU
		{445200E0-4C50-4D4F-9F47-FB29E2B62204}.Release|Any CPU.Build.0 = Release|Any CPU
		{58BDFBB0-ADFE-4DBF-9287-F5417983A1FA}.Debug|Any CPU.ActiveCfg = Debug|Any CPU
		{58BDFBB0-ADFE-4DBF-9287-F5417983A1FA}.Debug|Any CPU.Build.0 = Debug|Any CPU
		{58BDFBB0-ADFE-4DBF-9287-F5417983A1FA}.Release|Any CPU.ActiveCfg = Release|Any CPU
		{58BDFBB0-ADFE-4DBF-9287-F5417983A1FA}.Release|Any CPU.Build.0 = Release|Any CPU
		{960AB2D4-400D-4121-A611-C28482D3258A}.Debug|Any CPU.ActiveCfg = Debug|Any CPU
		{960AB2D4-400D-4121-A611-C28482D3258A}.Debug|Any CPU.Build.0 = Debug|Any CPU
		{960AB2D4-400D-4121-A611-C28482D3258A}.Release|Any CPU.ActiveCfg = Release|Any CPU
		{960AB2D4-400D-4121-A611-C28482D3258A}.Release|Any CPU.Build.0 = Release|Any CPU
		{F28E7A75-9DE1-4EC3-89F7-943FE7485B7C}.Debug|Any CPU.ActiveCfg = Debug|Any CPU
		{F28E7A75-9DE1-4EC3-89F7-943FE7485B7C}.Debug|Any CPU.Build.0 = Debug|Any CPU
		{F28E7A75-9DE1-4EC3-89F7-943FE7485B7C}.Release|Any CPU.ActiveCfg = Release|Any CPU
		{F28E7A75-9DE1-4EC3-89F7-943FE7485B7C}.Release|Any CPU.Build.0 = Release|Any CPU
		{E3B182AE-904A-4B1A-8B41-7D9C7F02FB53}.Debug|Any CPU.ActiveCfg = Debug|Any CPU
		{E3B182AE-904A-4B1A-8B41-7D9C7F02FB53}.Debug|Any CPU.Build.0 = Debug|Any CPU
		{E3B182AE-904A-4B1A-8B41-7D9C7F02FB53}.Release|Any CPU.ActiveCfg = Release|Any CPU
		{E3B182AE-904A-4B1A-8B41-7D9C7F02FB53}.Release|Any CPU.Build.0 = Release|Any CPU
	EndGlobalSection
	GlobalSection(SolutionProperties) = preSolution
		HideSolutionNode = FALSE
	EndGlobalSection
EndGlobal
